
Microsoft Visual Studio Solution File, Format Version 12.00
# Visual Studio Version 16
VisualStudioVersion = 16.0.30320.27
MinimumVisualStudioVersion = 10.0.40219.1
Project("{FAE04EC0-301F-11D3-BF4B-00C04F79EFBC}") = "StringifyEquation", "StringifyEquation.csproj", "{CBF0D9F4-6A42-4FF1-B2EA-23EA6E51F586}"
EndProject
Global
	GlobalSection(SolutionConfigurationPlatforms) = preSolution
		Debug|Any CPU = Debug|Any CPU
		Release|Any CPU = Release|Any CPU
	EndGlobalSection
	GlobalSection(ProjectConfigurationPlatforms) = postSolution
		{CBF0D9F4-6A42-4FF1-B2EA-23EA6E51F586}.Debug|Any CPU.ActiveCfg = Debug|Any CPU
		{CBF0D9F4-6A42-4FF1-B2EA-23EA6E51F586}.Debug|Any CPU.Build.0 = Debug|Any CPU
		{CBF0D9F4-6A42-4FF1-B2EA-23EA6E51F586}.Release|Any CPU.ActiveCfg = Release|Any CPU
		{CBF0D9F4-6A42-4FF1-B2EA-23EA6E51F586}.Release|Any CPU.Build.0 = Release|Any CPU
	EndGlobalSection
	GlobalSection(SolutionProperties) = preSolution
		HideSolutionNode = FALSE
	EndGlobalSection
	GlobalSection(ExtensibilityGlobals) = postSolution
		SolutionGuid = {3F2CFD72-56BD-4DD9-B941-DE2DE1E735CB}
	EndGlobalSection
EndGlobal
