
Microsoft Visual Studio Solution File, Format Version 12.00
# Visual Studio Version 16
VisualStudioVersion = 16.0.30320.27
MinimumVisualStudioVersion = 10.0.40219.1
Project("{FAE04EC0-301F-11D3-BF4B-00C04F79EFBC}") = "NumeralSystems", "NumeralSystems.csproj", "{56B830B9-4F5F-4DDD-803E-D4F3C7CC6A7D}"
EndProject
Global
	GlobalSection(SolutionConfigurationPlatforms) = preSolution
		Debug|Any CPU = Debug|Any CPU
		Release|Any CPU = Release|Any CPU
	EndGlobalSection
	GlobalSection(ProjectConfigurationPlatforms) = postSolution
		{56B830B9-4F5F-4DDD-803E-D4F3C7CC6A7D}.Debug|Any CPU.ActiveCfg = Debug|Any CPU
		{56B830B9-4F5F-4DDD-803E-D4F3C7CC6A7D}.Debug|Any CPU.Build.0 = Debug|Any CPU
		{56B830B9-4F5F-4DDD-803E-D4F3C7CC6A7D}.Release|Any CPU.ActiveCfg = Release|Any CPU
		{56B830B9-4F5F-4DDD-803E-D4F3C7CC6A7D}.Release|Any CPU.Build.0 = Release|Any CPU
	EndGlobalSection
	GlobalSection(SolutionProperties) = preSolution
		HideSolutionNode = FALSE
	EndGlobalSection
	GlobalSection(ExtensibilityGlobals) = postSolution
		SolutionGuid = {31909F92-6E93-46A3-ADD3-E6309AF3CBAB}
	EndGlobalSection
EndGlobal
