
Microsoft Visual Studio Solution File, Format Version 12.00
# Visual Studio Version 16
VisualStudioVersion = 16.0.31205.134
MinimumVisualStudioVersion = 10.0.40219.1
Project("{9A19103F-16F7-4668-BE54-9A1E7A4F7556}") = "KokoDajMu", "KokoDajMu.csproj", "{F6AAAD99-73E2-4754-9F1D-11D7C93D2319}"
EndProject
Project("{FAE04EC0-301F-11D3-BF4B-00C04F79EFBC}") = "KokoDajMu.Test", "..\KokoDajMu.Test\KokoDajMu.Test.csproj", "{F3F03BAD-90FD-4855-B18C-A80F121F1B2A}"
EndProject
Global
	GlobalSection(SolutionConfigurationPlatforms) = preSolution
		Debug|Any CPU = Debug|Any CPU
		Release|Any CPU = Release|Any CPU
	EndGlobalSection
	GlobalSection(ProjectConfigurationPlatforms) = postSolution
		{F6AAAD99-73E2-4754-9F1D-11D7C93D2319}.Debug|Any CPU.ActiveCfg = Debug|Any CPU
		{F6AAAD99-73E2-4754-9F1D-11D7C93D2319}.Debug|Any CPU.Build.0 = Debug|Any CPU
		{F6AAAD99-73E2-4754-9F1D-11D7C93D2319}.Release|Any CPU.ActiveCfg = Release|Any CPU
		{F6AAAD99-73E2-4754-9F1D-11D7C93D2319}.Release|Any CPU.Build.0 = Release|Any CPU
		{F3F03BAD-90FD-4855-B18C-A80F121F1B2A}.Debug|Any CPU.ActiveCfg = Debug|Any CPU
		{F3F03BAD-90FD-4855-B18C-A80F121F1B2A}.Debug|Any CPU.Build.0 = Debug|Any CPU
		{F3F03BAD-90FD-4855-B18C-A80F121F1B2A}.Release|Any CPU.ActiveCfg = Release|Any CPU
		{F3F03BAD-90FD-4855-B18C-A80F121F1B2A}.Release|Any CPU.Build.0 = Release|Any CPU
	EndGlobalSection
	GlobalSection(SolutionProperties) = preSolution
		HideSolutionNode = FALSE
	EndGlobalSection
	GlobalSection(ExtensibilityGlobals) = postSolution
		SolutionGuid = {59FE0A35-A0E1-48EE-BCF3-0B6CC76CA271}
	EndGlobalSection
EndGlobal
